// !$*UTF8*$!
{
	archiveVersion = 1;
	classes = {
	};
	objectVersion = 55;
	objects = {

/* Begin PBXBuildFile section */
		D28493C428665C7F003A1882 /* AppDelegate.swift in Sources */ = {isa = PBXBuildFile; fileRef = D28493C328665C7F003A1882 /* AppDelegate.swift */; };
		D28493C628665C7F003A1882 /* SceneDelegate.swift in Sources */ = {isa = PBXBuildFile; fileRef = D28493C528665C7F003A1882 /* SceneDelegate.swift */; };
		D28493C828665C7F003A1882 /* ViewController.swift in Sources */ = {isa = PBXBuildFile; fileRef = D28493C728665C7F003A1882 /* ViewController.swift */; };
		D28493CD28665C80003A1882 /* Assets.xcassets in Resources */ = {isa = PBXBuildFile; fileRef = D28493CC28665C80003A1882 /* Assets.xcassets */; };
		D28493D028665C80003A1882 /* LaunchScreen.storyboard in Resources */ = {isa = PBXBuildFile; fileRef = D28493CE28665C80003A1882 /* LaunchScreen.storyboard */; };
		D286D5BC2868978200885CE7 /* MainPresenter.swift in Sources */ = {isa = PBXBuildFile; fileRef = D286D5BB2868978200885CE7 /* MainPresenter.swift */; };
		D286D5BE2868979200885CE7 /* User.swift in Sources */ = {isa = PBXBuildFile; fileRef = D286D5BD2868979200885CE7 /* User.swift */; };
/* End PBXBuildFile section */

/* Begin PBXFileReference section */
		D28493C028665C7F003A1882 /* MVP_Networking.app */ = {isa = PBXFileReference; explicitFileType = wrapper.application; includeInIndex = 0; path = MVP_Networking.app; sourceTree = BUILT_PRODUCTS_DIR; };
		D28493C328665C7F003A1882 /* AppDelegate.swift */ = {isa = PBXFileReference; lastKnownFileType = sourcecode.swift; path = AppDelegate.swift; sourceTree = "<group>"; };
		D28493C528665C7F003A1882 /* SceneDelegate.swift */ = {isa = PBXFileReference; lastKnownFileType = sourcecode.swift; path = SceneDelegate.swift; sourceTree = "<group>"; };
		D28493C728665C7F003A1882 /* ViewController.swift */ = {isa = PBXFileReference; lastKnownFileType = sourcecode.swift; path = ViewController.swift; sourceTree = "<group>"; };
		D28493CC28665C80003A1882 /* Assets.xcassets */ = {isa = PBXFileReference; lastKnownFileType = folder.assetcatalog; path = Assets.xcassets; sourceTree = "<group>"; };
		D28493CF28665C80003A1882 /* Base */ = {isa = PBXFileReference; lastKnownFileType = file.storyboard; name = Base; path = Base.lproj/LaunchScreen.storyboard; sourceTree = "<group>"; };
		D28493D128665C80003A1882 /* Info.plist */ = {isa = PBXFileReference; lastKnownFileType = text.plist.xml; path = Info.plist; sourceTree = "<group>"; };
		D286D5BB2868978200885CE7 /* MainPresenter.swift */ = {isa = PBXFileReference; lastKnownFileType = sourcecode.swift; path = MainPresenter.swift; sourceTree = "<group>"; };
		D286D5BD2868979200885CE7 /* User.swift */ = {isa = PBXFileReference; lastKnownFileType = sourcecode.swift; path = User.swift; sourceTree = "<group>"; };
/* End PBXFileReference section */

/* Begin PBXFrameworksBuildPhase section */
		D28493BD28665C7F003A1882 /* Frameworks */ = {
			isa = PBXFrameworksBuildPhase;
			buildActionMask = 2147483647;
			files = (
			);
			runOnlyForDeploymentPostprocessing = 0;
		};
/* End PBXFrameworksBuildPhase section */

/* Begin PBXGroup section */
		D28493B728665C7F003A1882 = {
			isa = PBXGroup;
			children = (
				D28493C228665C7F003A1882 /* MVP_Networking */,
				D28493C128665C7F003A1882 /* Products */,
			);
			sourceTree = "<group>";
		};
		D28493C128665C7F003A1882 /* Products */ = {
			isa = PBXGroup;
			children = (
				D28493C028665C7F003A1882 /* MVP_Networking.app */,
			);
			name = Products;
			sourceTree = "<group>";
		};
		D28493C228665C7F003A1882 /* MVP_Networking */ = {
			isa = PBXGroup;
			children = (
				D286D5BF2868979F00885CE7 /* App */,
				D286D5B72868976400885CE7 /* MVP */,
				D28493CE28665C80003A1882 /* LaunchScreen.storyboard */,
				D28493D128665C80003A1882 /* Info.plist */,
			);
			path = MVP_Networking;
			sourceTree = "<group>";
		};
		D286D5B72868976400885CE7 /* MVP */ = {
			isa = PBXGroup;
			children = (
				D286D5BA2868977300885CE7 /* Presenter */,
				D286D5B92868977100885CE7 /* View */,
				D286D5B82868976900885CE7 /* Model */,
			);
			path = MVP;
			sourceTree = "<group>";
		};
		D286D5B82868976900885CE7 /* Model */ = {
			isa = PBXGroup;
			children = (
				D286D5BD2868979200885CE7 /* User.swift */,
			);
			path = Model;
			sourceTree = "<group>";
		};
		D286D5B92868977100885CE7 /* View */ = {
			isa = PBXGroup;
			children = (
				D286D5C0286897B700885CE7 /* Main */,
			);
			path = View;
			sourceTree = "<group>";
		};
		D286D5BA2868977300885CE7 /* Presenter */ = {
			isa = PBXGroup;
			children = (
				D286D5BB2868978200885CE7 /* MainPresenter.swift */,
			);
			path = Presenter;
			sourceTree = "<group>";
		};
		D286D5BF2868979F00885CE7 /* App */ = {
			isa = PBXGroup;
			children = (
				D28493C328665C7F003A1882 /* AppDelegate.swift */,
				D28493C528665C7F003A1882 /* SceneDelegate.swift */,
				D28493CC28665C80003A1882 /* Assets.xcassets */,
			);
			path = App;
			sourceTree = "<group>";
		};
		D286D5C0286897B700885CE7 /* Main */ = {
			isa = PBXGroup;
			children = (
				D28493C728665C7F003A1882 /* ViewController.swift */,
			);
			path = Main;
			sourceTree = "<group>";
		};
/* End PBXGroup section */

/* Begin PBXNativeTarget section */
		D28493BF28665C7F003A1882 /* MVP_Networking */ = {
			isa = PBXNativeTarget;
			buildConfigurationList = D28493D428665C80003A1882 /* Build configuration list for PBXNativeTarget "MVP_Networking" */;
			buildPhases = (
				D28493BC28665C7F003A1882 /* Sources */,
				D28493BD28665C7F003A1882 /* Frameworks */,
				D28493BE28665C7F003A1882 /* Resources */,
			);
			buildRules = (
			);
			dependencies = (
			);
			name = MVP_Networking;
			productName = MVP_Networking;
			productReference = D28493C028665C7F003A1882 /* MVP_Networking.app */;
			productType = "com.apple.product-type.application";
		};
/* End PBXNativeTarget section */

/* Begin PBXProject section */
		D28493B828665C7F003A1882 /* Project object */ = {
			isa = PBXProject;
			attributes = {
				BuildIndependentTargetsInParallel = 1;
				LastSwiftUpdateCheck = 1340;
				LastUpgradeCheck = 1340;
				TargetAttributes = {
					D28493BF28665C7F003A1882 = {
						CreatedOnToolsVersion = 13.4;
					};
				};
			};
			buildConfigurationList = D28493BB28665C7F003A1882 /* Build configuration list for PBXProject "MVP_Networking" */;
			compatibilityVersion = "Xcode 13.0";
			developmentRegion = en;
			hasScannedForEncodings = 0;
			knownRegions = (
				en,
				Base,
			);
			mainGroup = D28493B728665C7F003A1882;
			productRefGroup = D28493C128665C7F003A1882 /* Products */;
			projectDirPath = "";
			projectRoot = "";
			targets = (
				D28493BF28665C7F003A1882 /* MVP_Networking */,
			);
		};
/* End PBXProject section */

/* Begin PBXResourcesBuildPhase section */
		D28493BE28665C7F003A1882 /* Resources */ = {
			isa = PBXResourcesBuildPhase;
			buildActionMask = 2147483647;
			files = (
				D28493D028665C80003A1882 /* LaunchScreen.storyboard in Resources */,
				D28493CD28665C80003A1882 /* Assets.xcassets in Resources */,
			);
			runOnlyForDeploymentPostprocessing = 0;
		};
/* End PBXResourcesBuildPhase section */

/* Begin PBXSourcesBuildPhase section */
		D28493BC28665C7F003A1882 /* Sources */ = {
			isa = PBXSourcesBuildPhase;
			buildActionMask = 2147483647;
			files = (
				D28493C828665C7F003A1882 /* ViewController.swift in Sources */,
				D28493C428665C7F003A1882 /* AppDelegate.swift in Sources */,
				D28493C628665C7F003A1882 /* SceneDelegate.swift in Sources */,
				D286D5BE2868979200885CE7 /* User.swift in Sources */,
				D286D5BC2868978200885CE7 /* MainPresenter.swift in Sources */,
			);
			runOnlyForDeploymentPostprocessing = 0;
		};
/* End PBXSourcesBuildPhase section */

/* Begin PBXVariantGroup section */
		D28493CE28665C80003A1882 /* LaunchScreen.storyboard */ = {
			isa = PBXVariantGroup;
			children = (
				D28493CF28665C80003A1882 /* Base */,
			);
			name = LaunchScreen.storyboard;
			sourceTree = "<group>";
		};
/* End PBXVariantGroup section */

/* Begin XCBuildConfiguration section */
		D28493D228665C80003A1882 /* Debug */ = {
			isa = XCBuildConfiguration;
			buildSettings = {
				ALWAYS_SEARCH_USER_PATHS = NO;
				CLANG_ANALYZER_NONNULL = YES;
				CLANG_ANALYZER_NUMBER_OBJECT_CONVERSION = YES_AGGRESSIVE;
				CLANG_CXX_LANGUAGE_STANDARD = "gnu++17";
				CLANG_ENABLE_MODULES = YES;
				CLANG_ENABLE_OBJC_ARC = YES;
				CLANG_ENABLE_OBJC_WEAK = YES;
				CLANG_WARN_BLOCK_CAPTURE_AUTORELEASING = YES;
				CLANG_WARN_BOOL_CONVERSION = YES;
				CLANG_WARN_COMMA = YES;
				CLANG_WARN_CONSTANT_CONVERSION = YES;
				CLANG_WARN_DEPRECATED_OBJC_IMPLEMENTATIONS = YES;
				CLANG_WARN_DIRECT_OBJC_ISA_USAGE = YES_ERROR;
				CLANG_WARN_DOCUMENTATION_COMMENTS = YES;
				CLANG_WARN_EMPTY_BODY = YES;
				CLANG_WARN_ENUM_CONVERSION = YES;
				CLANG_WARN_INFINITE_RECURSION = YES;
				CLANG_WARN_INT_CONVERSION = YES;
				CLANG_WARN_NON_LITERAL_NULL_CONVERSION = YES;
				CLANG_WARN_OBJC_IMPLICIT_RETAIN_SELF = YES;
				CLANG_WARN_OBJC_LITERAL_CONVERSION = YES;
				CLANG_WARN_OBJC_ROOT_CLASS = YES_ERROR;
				CLANG_WARN_QUOTED_INCLUDE_IN_FRAMEWORK_HEADER = YES;
				CLANG_WARN_RANGE_LOOP_ANALYSIS = YES;
				CLANG_WARN_STRICT_PROTOTYPES = YES;
				CLANG_WARN_SUSPICIOUS_MOVE = YES;
				CLANG_WARN_UNGUARDED_AVAILABILITY = YES_AGGRESSIVE;
				CLANG_WARN_UNREACHABLE_CODE = YES;
				CLANG_WARN__DUPLICATE_METHOD_MATCH = YES;
				COPY_PHASE_STRIP = NO;
				DEBUG_INFORMATION_FORMAT = dwarf;
				ENABLE_STRICT_OBJC_MSGSEND = YES;
				ENABLE_TESTABILITY = YES;
				GCC_C_LANGUAGE_STANDARD = gnu11;
				GCC_DYNAMIC_NO_PIC = NO;
				GCC_NO_COMMON_BLOCKS = YES;
				GCC_OPTIMIZATION_LEVEL = 0;
				GCC_PREPROCESSOR_DEFINITIONS = (
					"DEBUG=1",
					"$(inherited)",
				);
				GCC_WARN_64_TO_32_BIT_CONVERSION = YES;
				GCC_WARN_ABOUT_RETURN_TYPE = YES_ERROR;
				GCC_WARN_UNDECLARED_SELECTOR = YES;
				GCC_WARN_UNINITIALIZED_AUTOS = YES_AGGRESSIVE;
				GCC_WARN_UNUSED_FUNCTION = YES;
				GCC_WARN_UNUSED_VARIABLE = YES;
				IPHONEOS_DEPLOYMENT_TARGET = 15.5;
				MTL_ENABLE_DEBUG_INFO = INCLUDE_SOURCE;
				MTL_FAST_MATH = YES;
				ONLY_ACTIVE_ARCH = YES;
				SDKROOT = iphoneos;
				SWIFT_ACTIVE_COMPILATION_CONDITIONS = DEBUG;
				SWIFT_OPTIMIZATION_LEVEL = "-Onone";
			};
			name = Debug;
		};
		D28493D328665C80003A1882 /* Release */ = {
			isa = XCBuildConfiguration;
			buildSettings = {
				ALWAYS_SEARCH_USER_PATHS = NO;
				CLANG_ANALYZER_NONNULL = YES;
				CLANG_ANALYZER_NUMBER_OBJECT_CONVERSION = YES_AGGRESSIVE;
				CLANG_CXX_LANGUAGE_STANDARD = "gnu++17";
				CLANG_ENABLE_MODULES = YES;
				CLANG_ENABLE_OBJC_ARC = YES;
				CLANG_ENABLE_OBJC_WEAK = YES;
				CLANG_WARN_BLOCK_CAPTURE_AUTORELEASING = YES;
				CLANG_WARN_BOOL_CONVERSION = YES;
				CLANG_WARN_COMMA = YES;
				CLANG_WARN_CONSTANT_CONVERSION = YES;
				CLANG_WARN_DEPRECATED_OBJC_IMPLEMENTATIONS = YES;
				CLANG_WARN_DIRECT_OBJC_ISA_USAGE = YES_ERROR;
				CLANG_WARN_DOCUMENTATION_COMMENTS = YES;
				CLANG_WARN_EMPTY_BODY = YES;
				CLANG_WARN_ENUM_CONVERSION = YES;
				CLANG_WARN_INFINITE_RECURSION = YES;
				CLANG_WARN_INT_CONVERSION = YES;
				CLANG_WARN_NON_LITERAL_NULL_CONVERSION = YES;
				CLANG_WARN_OBJC_IMPLICIT_RETAIN_SELF = YES;
				CLANG_WARN_OBJC_LITERAL_CONVERSION = YES;
				CLANG_WARN_OBJC_ROOT_CLASS = YES_ERROR;
				CLANG_WARN_QUOTED_INCLUDE_IN_FRAMEWORK_HEADER = YES;
				CLANG_WARN_RANGE_LOOP_ANALYSIS = YES;
				CLANG_WARN_STRICT_PROTOTYPES = YES;
				CLANG_WARN_SUSPICIOUS_MOVE = YES;
				CLANG_WARN_UNGUARDED_AVAILABILITY = YES_AGGRESSIVE;
				CLANG_WARN_UNREACHABLE_CODE = YES;
				CLANG_WARN__DUPLICATE_METHOD_MATCH = YES;
				COPY_PHASE_STRIP = NO;
				DEBUG_INFORMATION_FORMAT = "dwarf-with-dsym";
				ENABLE_NS_ASSERTIONS = NO;
				ENABLE_STRICT_OBJC_MSGSEND = YES;
				GCC_C_LANGUAGE_STANDARD = gnu11;
				GCC_NO_COMMON_BLOCKS = YES;
				GCC_WARN_64_TO_32_BIT_CONVERSION = YES;
				GCC_WARN_ABOUT_RETURN_TYPE = YES_ERROR;
				GCC_WARN_UNDECLARED_SELECTOR = YES;
				GCC_WARN_UNINITIALIZED_AUTOS = YES_AGGRESSIVE;
				GCC_WARN_UNUSED_FUNCTION = YES;
				GCC_WARN_UNUSED_VARIABLE = YES;
				IPHONEOS_DEPLOYMENT_TARGET = 15.5;
				MTL_ENABLE_DEBUG_INFO = NO;
				MTL_FAST_MATH = YES;
				SDKROOT = iphoneos;
				SWIFT_COMPILATION_MODE = wholemodule;
				SWIFT_OPTIMIZATION_LEVEL = "-O";
				VALIDATE_PRODUCT = YES;
			};
			name = Release;
		};
		D28493D528665C80003A1882 /* Debug */ = {
			isa = XCBuildConfiguration;
			buildSettings = {
				ASSETCATALOG_COMPILER_APPICON_NAME = AppIcon;
				ASSETCATALOG_COMPILER_GLOBAL_ACCENT_COLOR_NAME = AccentColor;
				CODE_SIGN_STYLE = Automatic;
				CURRENT_PROJECT_VERSION = 1;
				DEVELOPMENT_TEAM = UJ8B9FFXUA;
				GENERATE_INFOPLIST_FILE = YES;
				INFOPLIST_FILE = MVP_Networking/Info.plist;
				INFOPLIST_KEY_UIApplicationSupportsIndirectInputEvents = YES;
				INFOPLIST_KEY_UILaunchStoryboardName = LaunchScreen;
				INFOPLIST_KEY_UISupportedInterfaceOrientations_iPad = "UIInterfaceOrientationPortrait UIInterfaceOrientationPortraitUpsideDown UIInterfaceOrientationLandscapeLeft UIInterfaceOrientationLandscapeRight";
				INFOPLIST_KEY_UISupportedInterfaceOrientations_iPhone = "UIInterfaceOrientationPortrait UIInterfaceOrientationLandscapeLeft UIInterfaceOrientationLandscapeRight";
				LD_RUNPATH_SEARCH_PATHS = (
					"$(inherited)",
					"@executable_path/Frameworks",
				);
				MARKETING_VERSION = 1.0;
				PRODUCT_BUNDLE_IDENTIFIER = "kiko.MVP-Networking";
				PRODUCT_NAME = "$(TARGET_NAME)";
				SWIFT_EMIT_LOC_STRINGS = YES;
				SWIFT_VERSION = 5.0;
				TARGETED_DEVICE_FAMILY = "1,2";
			};
			name = Debug;
		};
		D28493D628665C80003A1882 /* Release */ = {
			isa = XCBuildConfiguration;
			buildSettings = {
				ASSETCATALOG_COMPILER_APPICON_NAME = AppIcon;
				ASSETCATALOG_COMPILER_GLOBAL_ACCENT_COLOR_NAME = AccentColor;
				CODE_SIGN_STYLE = Automatic;
				CURRENT_PROJECT_VERSION = 1;
				DEVELOPMENT_TEAM = UJ8B9FFXUA;
				GENERATE_INFOPLIST_FILE = YES;
				INFOPLIST_FILE = MVP_Networking/Info.plist;
				INFOPLIST_KEY_UIApplicationSupportsIndirectInputEvents = YES;
				INFOPLIST_KEY_UILaunchStoryboardName = LaunchScreen;
				INFOPLIST_KEY_UISupportedInterfaceOrientations_iPad = "UIInterfaceOrientationPortrait UIInterfaceOrientationPortraitUpsideDown UIInterfaceOrientationLandscapeLeft UIInterfaceOrientationLandscapeRight";
				INFOPLIST_KEY_UISupportedInterfaceOrientations_iPhone = "UIInterfaceOrientationPortrait UIInterfaceOrientationLandscapeLeft UIInterfaceOrientationLandscapeRight";
				LD_RUNPATH_SEARCH_PATHS = (
					"$(inherited)",
					"@executable_path/Frameworks",
				);
				MARKETING_VERSION = 1.0;
				PRODUCT_BUNDLE_IDENTIFIER = "kiko.MVP-Networking";
				PRODUCT_NAME = "$(TARGET_NAME)";
				SWIFT_EMIT_LOC_STRINGS = YES;
				SWIFT_VERSION = 5.0;
				TARGETED_DEVICE_FAMILY = "1,2";
			};
			name = Release;
		};
/* End XCBuildConfiguration section */

/* Begin XCConfigurationList section */
		D28493BB28665C7F003A1882 /* Build configuration list for PBXProject "MVP_Networking" */ = {
			isa = XCConfigurationList;
			buildConfigurations = (
				D28493D228665C80003A1882 /* Debug */,
				D28493D328665C80003A1882 /* Release */,
			);
			defaultConfigurationIsVisible = 0;
			defaultConfigurationName = Release;
		};
		D28493D428665C80003A1882 /* Build configuration list for PBXNativeTarget "MVP_Networking" */ = {
			isa = XCConfigurationList;
			buildConfigurations = (
				D28493D528665C80003A1882 /* Debug */,
				D28493D628665C80003A1882 /* Release */,
			);
			defaultConfigurationIsVisible = 0;
			defaultConfigurationName = Release;
		};
/* End XCConfigurationList section */
	};
	rootObject = D28493B828665C7F003A1882 /* Project object */;
}
